// !$*UTF8*$!
{
	archiveVersion = 1;
	classes = {
	};
	objectVersion = 56;
	objects = {

/* Begin PBXBuildFile section */
		180228912EBA08C300ABA95C /* PrayerRowView.swift in Sources */ = {isa = PBXBuildFile; fileRef = 180228902EBA08BD00ABA95C /* PrayerRowView.swift */; };
		180228932EBA092A00ABA95C /* FloatingButton.swift in Sources */ = {isa = PBXBuildFile; fileRef = 180228922EBA091D00ABA95C /* FloatingButton.swift */; };
		1862C53F2EFB74C900B0DD70 /* PrayerEmptyView.swift in Sources */ = {isa = PBXBuildFile; fileRef = 1862C53E2EFB74BE00B0DD70 /* PrayerEmptyView.swift */; };
		1862C5452EFBA77D00B0DD70 /* CategoryDTOs.swift in Sources */ = {isa = PBXBuildFile; fileRef = 1862C5412EFBA77D00B0DD70 /* CategoryDTOs.swift */; };
		1862C5462EFBA77D00B0DD70 /* AuthDTOs.swift in Sources */ = {isa = PBXBuildFile; fileRef = 1862C5402EFBA77D00B0DD70 /* AuthDTOs.swift */; };
		1862C5472EFBA77D00B0DD70 /* PrayerDTOs.swift in Sources */ = {isa = PBXBuildFile; fileRef = 1862C5422EFBA77D00B0DD70 /* PrayerDTOs.swift */; };
		1862C5492EFBA89C00B0DD70 /* APIError.swift in Sources */ = {isa = PBXBuildFile; fileRef = 1862C5482EFBA89600B0DD70 /* APIError.swift */; };
		18948E742F024C9300C9C75C /* APIEndPoint.swift in Sources */ = {isa = PBXBuildFile; fileRef = 18948E732F024C8B00C9C75C /* APIEndPoint.swift */; };
		CC4EA43E2EC9AC3E0097D09C /* PrayerDetailBottomSheetView.swift in Sources */ = {isa = PBXBuildFile; fileRef = CC4EA43D2EC9AC3D0097D09C /* PrayerDetailBottomSheetView.swift */; };
		CC4EA4402EC9B7370097D09C /* FindIDResultView.swift in Sources */ = {isa = PBXBuildFile; fileRef = CC4EA43F2EC9B7370097D09C /* FindIDResultView.swift */; };
		CC4EA4422EC9F64A0097D09C /* CustomBackButtonStyle.swift in Sources */ = {isa = PBXBuildFile; fileRef = CC4EA4412EC9F64A0097D09C /* CustomBackButtonStyle.swift */; };
		CC4EA4442EC9F6C50097D09C /* View+Extensions.swift in Sources */ = {isa = PBXBuildFile; fileRef = CC4EA4432EC9F6C50097D09C /* View+Extensions.swift */; };
		CC57ADB82EDC41BE0043A8D8 /* ChangePasswordView.swift in Sources */ = {isa = PBXBuildFile; fileRef = CC57ADB72EDC41BE0043A8D8 /* ChangePasswordView.swift */; };
		CC5B0E482EBF243000CE79A3 /* SectionHeaderView.swift in Sources */ = {isa = PBXBuildFile; fileRef = CC5B0E472EBF243000CE79A3 /* SectionHeaderView.swift */; };
		CC5B0E4B2EBF2DD000CE79A3 /* MyPrayerView.swift in Sources */ = {isa = PBXBuildFile; fileRef = CC5B0E4A2EBF2DD000CE79A3 /* MyPrayerView.swift */; };
		CC5B0E4D2EBF2E5500CE79A3 /* MyPrayerViewModel.swift in Sources */ = {isa = PBXBuildFile; fileRef = CC5B0E4C2EBF2E5500CE79A3 /* MyPrayerViewModel.swift */; };
		CC5B0E4F2EBF30A900CE79A3 /* PrayerDetailViewModel.swift in Sources */ = {isa = PBXBuildFile; fileRef = CC5B0E4E2EBF30A900CE79A3 /* PrayerDetailViewModel.swift */; };
		CC5B0E512EBF30D200CE79A3 /* PrayerEditorViewModel.swift in Sources */ = {isa = PBXBuildFile; fileRef = CC5B0E502EBF30D200CE79A3 /* PrayerEditorViewModel.swift */; };
		CC5B0E582EBF322400CE79A3 /* PrayerResponse.swift in Sources */ = {isa = PBXBuildFile; fileRef = CC5B0E572EBF322400CE79A3 /* PrayerResponse.swift */; };
		CC5B0E5A2EBF367900CE79A3 /* FindIDView.swift in Sources */ = {isa = PBXBuildFile; fileRef = CC5B0E592EBF367900CE79A3 /* FindIDView.swift */; };
		CC5B0E5C2EBF368900CE79A3 /* FindPasswordView.swift in Sources */ = {isa = PBXBuildFile; fileRef = CC5B0E5B2EBF368900CE79A3 /* FindPasswordView.swift */; };
		CC5B0E5E2EBF387000CE79A3 /* ActionButton.swift in Sources */ = {isa = PBXBuildFile; fileRef = CC5B0E5D2EBF387000CE79A3 /* ActionButton.swift */; };
		CC5B0E602EBF567F00CE79A3 /* UIApplication+Extensions.swift in Sources */ = {isa = PBXBuildFile; fileRef = CC5B0E5F2EBF567F00CE79A3 /* UIApplication+Extensions.swift */; };
		CC5B0E642EBF8BA900CE79A3 /* PrayerCategory.swift in Sources */ = {isa = PBXBuildFile; fileRef = CC5B0E632EBF8BA900CE79A3 /* PrayerCategory.swift */; };
		CC5B0E662EBF990A00CE79A3 /* CategoryScrollView.swift in Sources */ = {isa = PBXBuildFile; fileRef = CC5B0E652EBF990A00CE79A3 /* CategoryScrollView.swift */; };
		CC5B0E682EBFA5A800CE79A3 /* PrayerResponseRowView.swift in Sources */ = {isa = PBXBuildFile; fileRef = CC5B0E672EBFA5A800CE79A3 /* PrayerResponseRowView.swift */; };
		CC5D794F2EC757F600C1CEE4 /* APIClient.swift in Sources */ = {isa = PBXBuildFile; fileRef = CC5D794E2EC757F600C1CEE4 /* APIClient.swift */; };
		CC5D79592EC76B6700C1CEE4 /* InfoBoxView.swift in Sources */ = {isa = PBXBuildFile; fileRef = CC5D79582EC76B6700C1CEE4 /* InfoBoxView.swift */; };
		CC6194C62EF7E030005B79A7 /* User.swift in Sources */ = {isa = PBXBuildFile; fileRef = CC6194C52EF7E030005B79A7 /* User.swift */; };
		CC6194CA2EF7F5BB005B79A7 /* UserSession.swift in Sources */ = {isa = PBXBuildFile; fileRef = CC6194C92EF7F5BB005B79A7 /* UserSession.swift */; };
		CC6437D82EBE42820079ED24 /* PrayerDetailView.swift in Sources */ = {isa = PBXBuildFile; fileRef = CC6437D72EBE42820079ED24 /* PrayerDetailView.swift */; };
		CC6437DA2EBE42C20079ED24 /* PrayerEditorView.swift in Sources */ = {isa = PBXBuildFile; fileRef = CC6437D92EBE42C20079ED24 /* PrayerEditorView.swift */; };
		CC6C8F1B2E9B978300E43387 /* FaithConnectApp.swift in Sources */ = {isa = PBXBuildFile; fileRef = CC6C8F1A2E9B978300E43387 /* FaithConnectApp.swift */; };
		CC6C8F1F2E9B978400E43387 /* Assets.xcassets in Resources */ = {isa = PBXBuildFile; fileRef = CC6C8F1E2E9B978400E43387 /* Assets.xcassets */; };
		CC6C8F222E9B978400E43387 /* Preview Assets.xcassets in Resources */ = {isa = PBXBuildFile; fileRef = CC6C8F212E9B978400E43387 /* Preview Assets.xcassets */; };
		CC6E3DF82ED1A19500B0EF4D /* MyPageItemField.swift in Sources */ = {isa = PBXBuildFile; fileRef = CC6E3DF72ED1A19500B0EF4D /* MyPageItemField.swift */; };
		CC6EC0642F015711009D2E31 /* MyResponse.swift in Sources */ = {isa = PBXBuildFile; fileRef = CC6EC0632F015711009D2E31 /* MyResponse.swift */; };
		CC6EC0662F015FB2009D2E31 /* MyResponseRowView.swift in Sources */ = {isa = PBXBuildFile; fileRef = CC6EC0652F015FB2009D2E31 /* MyResponseRowView.swift */; };
		CC728A392EFEB13D00D93208 /* AlertType.swift in Sources */ = {isa = PBXBuildFile; fileRef = CC728A382EFEB13D00D93208 /* AlertType.swift */; };
		CCAD36752EB726510028D451 /* LaunchScreen.storyboard in Resources */ = {isa = PBXBuildFile; fileRef = CCAD36742EB726510028D451 /* LaunchScreen.storyboard */; };
		CCAD36832EB731EF0028D451 /* LoginView.swift in Sources */ = {isa = PBXBuildFile; fileRef = CCAD36822EB731EF0028D451 /* LoginView.swift */; };
		CCAD36852EB732FE0028D451 /* LoginViewModel.swift in Sources */ = {isa = PBXBuildFile; fileRef = CCAD36842EB732FE0028D451 /* LoginViewModel.swift */; };
		CCAD36872EB73F540028D451 /* LabeldTextField.swift in Sources */ = {isa = PBXBuildFile; fileRef = CCAD36862EB73F540028D451 /* LabeldTextField.swift */; };
		CCAD36892EB74F8F0028D451 /* SignUpView.swift in Sources */ = {isa = PBXBuildFile; fileRef = CCAD36882EB74F8F0028D451 /* SignUpView.swift */; };
		CCAD368E2EB782A00028D451 /* MainTabView.swift in Sources */ = {isa = PBXBuildFile; fileRef = CCAD368D2EB782A00028D451 /* MainTabView.swift */; };
		CCAD36902EB7853B0028D451 /* Constants.swift in Sources */ = {isa = PBXBuildFile; fileRef = CCAD368F2EB7853B0028D451 /* Constants.swift */; };
		CCAD36922EB78D010028D451 /* HomeView.swift in Sources */ = {isa = PBXBuildFile; fileRef = CCAD36912EB78D010028D451 /* HomeView.swift */; };
		CCAD36942EB78D290028D451 /* MyPageView.swift in Sources */ = {isa = PBXBuildFile; fileRef = CCAD36932EB78D290028D451 /* MyPageView.swift */; };
		CCAD36962EB791110028D451 /* Prayer.swift in Sources */ = {isa = PBXBuildFile; fileRef = CCAD36952EB791110028D451 /* Prayer.swift */; };
		CCAD36982EB7920C0028D451 /* HomeViewModel.swift in Sources */ = {isa = PBXBuildFile; fileRef = CCAD36972EB7920C0028D451 /* HomeViewModel.swift */; };
		CCAD369A2EB792140028D451 /* MyPageViewModel.swift in Sources */ = {isa = PBXBuildFile; fileRef = CCAD36992EB792140028D451 /* MyPageViewModel.swift */; };
		CCAD369E2EB799B70028D451 /* String+Extensions.swift in Sources */ = {isa = PBXBuildFile; fileRef = CCAD369D2EB799B70028D451 /* String+Extensions.swift */; };
/* End PBXBuildFile section */

/* Begin PBXFileReference section */
		180228902EBA08BD00ABA95C /* PrayerRowView.swift */ = {isa = PBXFileReference; lastKnownFileType = sourcecode.swift; path = PrayerRowView.swift; sourceTree = "<group>"; };
		180228922EBA091D00ABA95C /* FloatingButton.swift */ = {isa = PBXFileReference; lastKnownFileType = sourcecode.swift; path = FloatingButton.swift; sourceTree = "<group>"; };
		1862C53E2EFB74BE00B0DD70 /* PrayerEmptyView.swift */ = {isa = PBXFileReference; lastKnownFileType = sourcecode.swift; path = PrayerEmptyView.swift; sourceTree = "<group>"; };
		1862C5402EFBA77D00B0DD70 /* AuthDTOs.swift */ = {isa = PBXFileReference; lastKnownFileType = sourcecode.swift; path = AuthDTOs.swift; sourceTree = "<group>"; };
		1862C5412EFBA77D00B0DD70 /* CategoryDTOs.swift */ = {isa = PBXFileReference; lastKnownFileType = sourcecode.swift; path = CategoryDTOs.swift; sourceTree = "<group>"; };
		1862C5422EFBA77D00B0DD70 /* PrayerDTOs.swift */ = {isa = PBXFileReference; lastKnownFileType = sourcecode.swift; path = PrayerDTOs.swift; sourceTree = "<group>"; };
		1862C5482EFBA89600B0DD70 /* APIError.swift */ = {isa = PBXFileReference; lastKnownFileType = sourcecode.swift; path = APIError.swift; sourceTree = "<group>"; };
		18948E732F024C8B00C9C75C /* APIEndPoint.swift */ = {isa = PBXFileReference; lastKnownFileType = sourcecode.swift; path = APIEndPoint.swift; sourceTree = "<group>"; };
		CC4EA43D2EC9AC3D0097D09C /* PrayerDetailBottomSheetView.swift */ = {isa = PBXFileReference; lastKnownFileType = sourcecode.swift; path = PrayerDetailBottomSheetView.swift; sourceTree = "<group>"; };
		CC4EA43F2EC9B7370097D09C /* FindIDResultView.swift */ = {isa = PBXFileReference; lastKnownFileType = sourcecode.swift; path = FindIDResultView.swift; sourceTree = "<group>"; };
		CC4EA4412EC9F64A0097D09C /* CustomBackButtonStyle.swift */ = {isa = PBXFileReference; lastKnownFileType = sourcecode.swift; path = CustomBackButtonStyle.swift; sourceTree = "<group>"; };
		CC4EA4432EC9F6C50097D09C /* View+Extensions.swift */ = {isa = PBXFileReference; lastKnownFileType = sourcecode.swift; path = "View+Extensions.swift"; sourceTree = "<group>"; };
		CC57ADB62EDC3F980043A8D8 /* Info.plist */ = {isa = PBXFileReference; lastKnownFileType = text.plist; path = Info.plist; sourceTree = "<group>"; };
		CC57ADB72EDC41BE0043A8D8 /* ChangePasswordView.swift */ = {isa = PBXFileReference; lastKnownFileType = sourcecode.swift; path = ChangePasswordView.swift; sourceTree = "<group>"; };
		CC5B0E472EBF243000CE79A3 /* SectionHeaderView.swift */ = {isa = PBXFileReference; lastKnownFileType = sourcecode.swift; path = SectionHeaderView.swift; sourceTree = "<group>"; };
		CC5B0E4A2EBF2DD000CE79A3 /* MyPrayerView.swift */ = {isa = PBXFileReference; lastKnownFileType = sourcecode.swift; path = MyPrayerView.swift; sourceTree = "<group>"; };
		CC5B0E4C2EBF2E5500CE79A3 /* MyPrayerViewModel.swift */ = {isa = PBXFileReference; lastKnownFileType = sourcecode.swift; path = MyPrayerViewModel.swift; sourceTree = "<group>"; };
		CC5B0E4E2EBF30A900CE79A3 /* PrayerDetailViewModel.swift */ = {isa = PBXFileReference; lastKnownFileType = sourcecode.swift; path = PrayerDetailViewModel.swift; sourceTree = "<group>"; };
		CC5B0E502EBF30D200CE79A3 /* PrayerEditorViewModel.swift */ = {isa = PBXFileReference; lastKnownFileType = sourcecode.swift; path = PrayerEditorViewModel.swift; sourceTree = "<group>"; };
		CC5B0E572EBF322400CE79A3 /* PrayerResponse.swift */ = {isa = PBXFileReference; lastKnownFileType = sourcecode.swift; path = PrayerResponse.swift; sourceTree = "<group>"; };
		CC5B0E592EBF367900CE79A3 /* FindIDView.swift */ = {isa = PBXFileReference; lastKnownFileType = sourcecode.swift; path = FindIDView.swift; sourceTree = "<group>"; };
		CC5B0E5B2EBF368900CE79A3 /* FindPasswordView.swift */ = {isa = PBXFileReference; lastKnownFileType = sourcecode.swift; path = FindPasswordView.swift; sourceTree = "<group>"; };
		CC5B0E5D2EBF387000CE79A3 /* ActionButton.swift */ = {isa = PBXFileReference; lastKnownFileType = sourcecode.swift; path = ActionButton.swift; sourceTree = "<group>"; };
		CC5B0E5F2EBF567F00CE79A3 /* UIApplication+Extensions.swift */ = {isa = PBXFileReference; lastKnownFileType = sourcecode.swift; path = "UIApplication+Extensions.swift"; sourceTree = "<group>"; };
		CC5B0E632EBF8BA900CE79A3 /* PrayerCategory.swift */ = {isa = PBXFileReference; lastKnownFileType = sourcecode.swift; path = PrayerCategory.swift; sourceTree = "<group>"; };
		CC5B0E652EBF990A00CE79A3 /* CategoryScrollView.swift */ = {isa = PBXFileReference; lastKnownFileType = sourcecode.swift; path = CategoryScrollView.swift; sourceTree = "<group>"; };
		CC5B0E672EBFA5A800CE79A3 /* PrayerResponseRowView.swift */ = {isa = PBXFileReference; lastKnownFileType = sourcecode.swift; path = PrayerResponseRowView.swift; sourceTree = "<group>"; };
		CC5D794E2EC757F600C1CEE4 /* APIClient.swift */ = {isa = PBXFileReference; lastKnownFileType = sourcecode.swift; path = APIClient.swift; sourceTree = "<group>"; };
		CC5D79582EC76B6700C1CEE4 /* InfoBoxView.swift */ = {isa = PBXFileReference; lastKnownFileType = sourcecode.swift; path = InfoBoxView.swift; sourceTree = "<group>"; };
		CC6194C52EF7E030005B79A7 /* User.swift */ = {isa = PBXFileReference; lastKnownFileType = sourcecode.swift; path = User.swift; sourceTree = "<group>"; };
		CC6194C92EF7F5BB005B79A7 /* UserSession.swift */ = {isa = PBXFileReference; lastKnownFileType = sourcecode.swift; path = UserSession.swift; sourceTree = "<group>"; };
		CC6437D72EBE42820079ED24 /* PrayerDetailView.swift */ = {isa = PBXFileReference; lastKnownFileType = sourcecode.swift; path = PrayerDetailView.swift; sourceTree = "<group>"; };
		CC6437D92EBE42C20079ED24 /* PrayerEditorView.swift */ = {isa = PBXFileReference; lastKnownFileType = sourcecode.swift; path = PrayerEditorView.swift; sourceTree = "<group>"; };
		CC6C8F172E9B978300E43387 /* FaithConnect.app */ = {isa = PBXFileReference; explicitFileType = wrapper.application; includeInIndex = 0; path = FaithConnect.app; sourceTree = BUILT_PRODUCTS_DIR; };
		CC6C8F1A2E9B978300E43387 /* FaithConnectApp.swift */ = {isa = PBXFileReference; lastKnownFileType = sourcecode.swift; path = FaithConnectApp.swift; sourceTree = "<group>"; };
		CC6C8F1E2E9B978400E43387 /* Assets.xcassets */ = {isa = PBXFileReference; lastKnownFileType = folder.assetcatalog; path = Assets.xcassets; sourceTree = "<group>"; };
		CC6C8F212E9B978400E43387 /* Preview Assets.xcassets */ = {isa = PBXFileReference; lastKnownFileType = folder.assetcatalog; path = "Preview Assets.xcassets"; sourceTree = "<group>"; };
		CC6E3DF72ED1A19500B0EF4D /* MyPageItemField.swift */ = {isa = PBXFileReference; lastKnownFileType = sourcecode.swift; path = MyPageItemField.swift; sourceTree = "<group>"; };
		CC6EC0632F015711009D2E31 /* MyResponse.swift */ = {isa = PBXFileReference; lastKnownFileType = sourcecode.swift; path = MyResponse.swift; sourceTree = "<group>"; };
		CC6EC0652F015FB2009D2E31 /* MyResponseRowView.swift */ = {isa = PBXFileReference; lastKnownFileType = sourcecode.swift; path = MyResponseRowView.swift; sourceTree = "<group>"; };
		CC728A382EFEB13D00D93208 /* AlertType.swift */ = {isa = PBXFileReference; lastKnownFileType = sourcecode.swift; path = AlertType.swift; sourceTree = "<group>"; };
		CCAD36742EB726510028D451 /* LaunchScreen.storyboard */ = {isa = PBXFileReference; lastKnownFileType = file.storyboard; path = LaunchScreen.storyboard; sourceTree = "<group>"; };
		CCAD36822EB731EF0028D451 /* LoginView.swift */ = {isa = PBXFileReference; lastKnownFileType = sourcecode.swift; path = LoginView.swift; sourceTree = "<group>"; };
		CCAD36842EB732FE0028D451 /* LoginViewModel.swift */ = {isa = PBXFileReference; lastKnownFileType = sourcecode.swift; path = LoginViewModel.swift; sourceTree = "<group>"; };
		CCAD36862EB73F540028D451 /* LabeldTextField.swift */ = {isa = PBXFileReference; lastKnownFileType = sourcecode.swift; path = LabeldTextField.swift; sourceTree = "<group>"; };
		CCAD36882EB74F8F0028D451 /* SignUpView.swift */ = {isa = PBXFileReference; lastKnownFileType = sourcecode.swift; path = SignUpView.swift; sourceTree = "<group>"; };
		CCAD368D2EB782A00028D451 /* MainTabView.swift */ = {isa = PBXFileReference; lastKnownFileType = sourcecode.swift; path = MainTabView.swift; sourceTree = "<group>"; };
		CCAD368F2EB7853B0028D451 /* Constants.swift */ = {isa = PBXFileReference; lastKnownFileType = sourcecode.swift; path = Constants.swift; sourceTree = "<group>"; };
		CCAD36912EB78D010028D451 /* HomeView.swift */ = {isa = PBXFileReference; lastKnownFileType = sourcecode.swift; path = HomeView.swift; sourceTree = "<group>"; };
		CCAD36932EB78D290028D451 /* MyPageView.swift */ = {isa = PBXFileReference; lastKnownFileType = sourcecode.swift; path = MyPageView.swift; sourceTree = "<group>"; };
		CCAD36952EB791110028D451 /* Prayer.swift */ = {isa = PBXFileReference; lastKnownFileType = sourcecode.swift; path = Prayer.swift; sourceTree = "<group>"; };
		CCAD36972EB7920C0028D451 /* HomeViewModel.swift */ = {isa = PBXFileReference; lastKnownFileType = sourcecode.swift; path = HomeViewModel.swift; sourceTree = "<group>"; };
		CCAD36992EB792140028D451 /* MyPageViewModel.swift */ = {isa = PBXFileReference; lastKnownFileType = sourcecode.swift; path = MyPageViewModel.swift; sourceTree = "<group>"; };
		CCAD369D2EB799B70028D451 /* String+Extensions.swift */ = {isa = PBXFileReference; lastKnownFileType = sourcecode.swift; path = "String+Extensions.swift"; sourceTree = "<group>"; };
/* End PBXFileReference section */

/* Begin PBXFrameworksBuildPhase section */
		CC6C8F142E9B978300E43387 /* Frameworks */ = {
			isa = PBXFrameworksBuildPhase;
			buildActionMask = 2147483647;
			files = (
			);
			runOnlyForDeploymentPostprocessing = 0;
		};
/* End PBXFrameworksBuildPhase section */

/* Begin PBXGroup section */
		1862C5432EFBA77D00B0DD70 /* DTOs */ = {
			isa = PBXGroup;
			children = (
				1862C5402EFBA77D00B0DD70 /* AuthDTOs.swift */,
				1862C5412EFBA77D00B0DD70 /* CategoryDTOs.swift */,
				1862C5422EFBA77D00B0DD70 /* PrayerDTOs.swift */,
			);
			path = DTOs;
			sourceTree = "<group>";
		};
		1862C5442EFBA77D00B0DD70 /* Network */ = {
			isa = PBXGroup;
			children = (
				CC5D794E2EC757F600C1CEE4 /* APIClient.swift */,
				1862C5482EFBA89600B0DD70 /* APIError.swift */,
				18948E732F024C8B00C9C75C /* APIEndPoint.swift */,
				1862C5432EFBA77D00B0DD70 /* DTOs */,
			);
			path = Network;
			sourceTree = "<group>";
		};
		CC5B0E492EBF2DB900CE79A3 /* MyPrayer */ = {
			isa = PBXGroup;
			children = (
				CC5B0E4A2EBF2DD000CE79A3 /* MyPrayerView.swift */,
			);
			path = MyPrayer;
			sourceTree = "<group>";
		};
		CC5B0E522EBF312D00CE79A3 /* Login */ = {
			isa = PBXGroup;
			children = (
				CCAD36842EB732FE0028D451 /* LoginViewModel.swift */,
			);
			path = Login;
			sourceTree = "<group>";
		};
		CC5B0E532EBF313400CE79A3 /* Home */ = {
			isa = PBXGroup;
			children = (
				CCAD36972EB7920C0028D451 /* HomeViewModel.swift */,
			);
			path = Home;
			sourceTree = "<group>";
		};
		CC5B0E542EBF313F00CE79A3 /* MyPrayer */ = {
			isa = PBXGroup;
			children = (
				CC5B0E4C2EBF2E5500CE79A3 /* MyPrayerViewModel.swift */,
			);
			path = MyPrayer;
			sourceTree = "<group>";
		};
		CC5B0E552EBF314F00CE79A3 /* MyPage */ = {
			isa = PBXGroup;
			children = (
				CCAD36992EB792140028D451 /* MyPageViewModel.swift */,
			);
			path = MyPage;
			sourceTree = "<group>";
		};
		CC5B0E562EBF315A00CE79A3 /* Prayer */ = {
			isa = PBXGroup;
			children = (
				CC5B0E4E2EBF30A900CE79A3 /* PrayerDetailViewModel.swift */,
				CC5B0E502EBF30D200CE79A3 /* PrayerEditorViewModel.swift */,
			);
			path = Prayer;
			sourceTree = "<group>";
		};
		CC6437D62EBE422F0079ED24 /* Prayer */ = {
			isa = PBXGroup;
			children = (
				CC6437D72EBE42820079ED24 /* PrayerDetailView.swift */,
				CC4EA43D2EC9AC3D0097D09C /* PrayerDetailBottomSheetView.swift */,
				CC6437D92EBE42C20079ED24 /* PrayerEditorView.swift */,
				180228902EBA08BD00ABA95C /* PrayerRowView.swift */,
				CC6EC0652F015FB2009D2E31 /* MyResponseRowView.swift */,
				CC5B0E672EBFA5A800CE79A3 /* PrayerResponseRowView.swift */,
				1862C53E2EFB74BE00B0DD70 /* PrayerEmptyView.swift */,
			);
			path = Prayer;
			sourceTree = "<group>";
		};
		CC6C8F0E2E9B978300E43387 = {
			isa = PBXGroup;
			children = (
				CC6C8F192E9B978300E43387 /* FaithConnect */,
				CC6C8F182E9B978300E43387 /* Products */,
			);
			sourceTree = "<group>";
		};
		CC6C8F182E9B978300E43387 /* Products */ = {
			isa = PBXGroup;
			children = (
				CC6C8F172E9B978300E43387 /* FaithConnect.app */,
			);
			name = Products;
			sourceTree = "<group>";
		};
		CC6C8F192E9B978300E43387 /* FaithConnect */ = {
			isa = PBXGroup;
			children = (
				CC57ADB62EDC3F980043A8D8 /* Info.plist */,
				CCAD36762EB726750028D451 /* App */,
				CCAD36792EB7286D0028D451 /* Views */,
				CCAD36782EB728620028D451 /* ViewModels */,
				CCAD36772EB7285A0028D451 /* Models */,
				1862C5442EFBA77D00B0DD70 /* Network */,
				CCAD367A2EB728730028D451 /* Services */,
				CCAD367B2EB7287B0028D451 /* Utils */,
				CC6C8F1E2E9B978400E43387 /* Assets.xcassets */,
				CC6C8F202E9B978400E43387 /* Preview Content */,
			);
			path = FaithConnect;
			sourceTree = "<group>";
		};
		CC6C8F202E9B978400E43387 /* Preview Content */ = {
			isa = PBXGroup;
			children = (
				CC6C8F212E9B978400E43387 /* Preview Assets.xcassets */,
			);
			path = "Preview Content";
			sourceTree = "<group>";
		};
		CC728A3A2EFEB20F00D93208 /* Alert */ = {
			isa = PBXGroup;
			children = (
				CC728A382EFEB13D00D93208 /* AlertType.swift */,
			);
			path = Alert;
			sourceTree = "<group>";
		};
		CCAD36762EB726750028D451 /* App */ = {
			isa = PBXGroup;
			children = (
				CC6C8F1A2E9B978300E43387 /* FaithConnectApp.swift */,
				CCAD36742EB726510028D451 /* LaunchScreen.storyboard */,
			);
			path = App;
			sourceTree = "<group>";
		};
		CCAD36772EB7285A0028D451 /* Models */ = {
			isa = PBXGroup;
			children = (
				CC6194C52EF7E030005B79A7 /* User.swift */,
				CC5B0E632EBF8BA900CE79A3 /* PrayerCategory.swift */,
				CCAD36952EB791110028D451 /* Prayer.swift */,
				CC5B0E572EBF322400CE79A3 /* PrayerResponse.swift */,
				CC6EC0632F015711009D2E31 /* MyResponse.swift */,
			);
			path = Models;
			sourceTree = "<group>";
		};
		CCAD36782EB728620028D451 /* ViewModels */ = {
			isa = PBXGroup;
			children = (
				CC5B0E522EBF312D00CE79A3 /* Login */,
				CC5B0E532EBF313400CE79A3 /* Home */,
				CC5B0E542EBF313F00CE79A3 /* MyPrayer */,
				CC5B0E552EBF314F00CE79A3 /* MyPage */,
				CC5B0E562EBF315A00CE79A3 /* Prayer */,
			);
			path = ViewModels;
			sourceTree = "<group>";
		};
		CCAD36792EB7286D0028D451 /* Views */ = {
			isa = PBXGroup;
			children = (
				CCAD36812EB731DB0028D451 /* Login */,
				CCAD368A2EB75CEB0028D451 /* MainTab */,
				CCAD368B2EB75D7C0028D451 /* Home */,
				CC5B0E492EBF2DB900CE79A3 /* MyPrayer */,
				CCAD368C2EB75D810028D451 /* MyPage */,
				CC6437D62EBE422F0079ED24 /* Prayer */,
				CCAD367E2EB72A720028D451 /* Components */,
			);
			path = Views;
			sourceTree = "<group>";
		};
		CCAD367A2EB728730028D451 /* Services */ = {
			isa = PBXGroup;
			children = (
				CC6194C92EF7F5BB005B79A7 /* UserSession.swift */,
			);
			path = Services;
			sourceTree = "<group>";
		};
		CCAD367B2EB7287B0028D451 /* Utils */ = {
			isa = PBXGroup;
			children = (
				CC728A3A2EFEB20F00D93208 /* Alert */,
				CCAD367C2EB729DD0028D451 /* Extensions */,
				CCAD367D2EB729E60028D451 /* Constants */,
			);
			path = Utils;
			sourceTree = "<group>";
		};
		CCAD367C2EB729DD0028D451 /* Extensions */ = {
			isa = PBXGroup;
			children = (
				CCAD369D2EB799B70028D451 /* String+Extensions.swift */,
				CC5B0E5F2EBF567F00CE79A3 /* UIApplication+Extensions.swift */,
				CC4EA4432EC9F6C50097D09C /* View+Extensions.swift */,
			);
			path = Extensions;
			sourceTree = "<group>";
		};
		CCAD367D2EB729E60028D451 /* Constants */ = {
			isa = PBXGroup;
			children = (
				CCAD368F2EB7853B0028D451 /* Constants.swift */,
			);
			path = Constants;
			sourceTree = "<group>";
		};
		CCAD367E2EB72A720028D451 /* Components */ = {
			isa = PBXGroup;
			children = (
				CC4EA4412EC9F64A0097D09C /* CustomBackButtonStyle.swift */,
				CCAD36862EB73F540028D451 /* LabeldTextField.swift */,
				CC5B0E472EBF243000CE79A3 /* SectionHeaderView.swift */,
				180228922EBA091D00ABA95C /* FloatingButton.swift */,
				CC5B0E5D2EBF387000CE79A3 /* ActionButton.swift */,
				CC5B0E652EBF990A00CE79A3 /* CategoryScrollView.swift */,
				CC5D79582EC76B6700C1CEE4 /* InfoBoxView.swift */,
				CC6E3DF72ED1A19500B0EF4D /* MyPageItemField.swift */,
			);
			path = Components;
			sourceTree = "<group>";
		};
		CCAD36812EB731DB0028D451 /* Login */ = {
			isa = PBXGroup;
			children = (
				CCAD36822EB731EF0028D451 /* LoginView.swift */,
				CCAD36882EB74F8F0028D451 /* SignUpView.swift */,
				CC5B0E592EBF367900CE79A3 /* FindIDView.swift */,
				CC4EA43F2EC9B7370097D09C /* FindIDResultView.swift */,
				CC5B0E5B2EBF368900CE79A3 /* FindPasswordView.swift */,
			);
			path = Login;
			sourceTree = "<group>";
		};
		CCAD368A2EB75CEB0028D451 /* MainTab */ = {
			isa = PBXGroup;
			children = (
				CCAD368D2EB782A00028D451 /* MainTabView.swift */,
			);
			path = MainTab;
			sourceTree = "<group>";
		};
		CCAD368B2EB75D7C0028D451 /* Home */ = {
			isa = PBXGroup;
			children = (
				CCAD36912EB78D010028D451 /* HomeView.swift */,
			);
			path = Home;
			sourceTree = "<group>";
		};
		CCAD368C2EB75D810028D451 /* MyPage */ = {
			isa = PBXGroup;
			children = (
				CCAD36932EB78D290028D451 /* MyPageView.swift */,
				CC57ADB72EDC41BE0043A8D8 /* ChangePasswordView.swift */,
			);
			path = MyPage;
			sourceTree = "<group>";
		};
/* End PBXGroup section */

/* Begin PBXNativeTarget section */
		CC6C8F162E9B978300E43387 /* FaithConnect */ = {
			isa = PBXNativeTarget;
			buildConfigurationList = CC6C8F252E9B978400E43387 /* Build configuration list for PBXNativeTarget "FaithConnect" */;
			buildPhases = (
				CC6C8F132E9B978300E43387 /* Sources */,
				CC6C8F142E9B978300E43387 /* Frameworks */,
				CC6C8F152E9B978300E43387 /* Resources */,
			);
			buildRules = (
			);
			dependencies = (
			);
			name = FaithConnect;
			productName = FaithConnect;
			productReference = CC6C8F172E9B978300E43387 /* FaithConnect.app */;
			productType = "com.apple.product-type.application";
		};
/* End PBXNativeTarget section */

/* Begin PBXProject section */
		CC6C8F0F2E9B978300E43387 /* Project object */ = {
			isa = PBXProject;
			attributes = {
				BuildIndependentTargetsInParallel = 1;
				LastSwiftUpdateCheck = 1500;
				LastUpgradeCheck = 1500;
				TargetAttributes = {
					CC6C8F162E9B978300E43387 = {
						CreatedOnToolsVersion = 15.0.1;
					};
				};
			};
			buildConfigurationList = CC6C8F122E9B978300E43387 /* Build configuration list for PBXProject "FaithConnect" */;
			compatibilityVersion = "Xcode 14.0";
			developmentRegion = en;
			hasScannedForEncodings = 0;
			knownRegions = (
				en,
				Base,
			);
			mainGroup = CC6C8F0E2E9B978300E43387;
			productRefGroup = CC6C8F182E9B978300E43387 /* Products */;
			projectDirPath = "";
			projectRoot = "";
			targets = (
				CC6C8F162E9B978300E43387 /* FaithConnect */,
			);
		};
/* End PBXProject section */

/* Begin PBXResourcesBuildPhase section */
		CC6C8F152E9B978300E43387 /* Resources */ = {
			isa = PBXResourcesBuildPhase;
			buildActionMask = 2147483647;
			files = (
				CCAD36752EB726510028D451 /* LaunchScreen.storyboard in Resources */,
				CC6C8F222E9B978400E43387 /* Preview Assets.xcassets in Resources */,
				CC6C8F1F2E9B978400E43387 /* Assets.xcassets in Resources */,
			);
			runOnlyForDeploymentPostprocessing = 0;
		};
/* End PBXResourcesBuildPhase section */

/* Begin PBXSourcesBuildPhase section */
		CC6C8F132E9B978300E43387 /* Sources */ = {
			isa = PBXSourcesBuildPhase;
			buildActionMask = 2147483647;
			files = (
				CC4EA4402EC9B7370097D09C /* FindIDResultView.swift in Sources */,
				CCAD36852EB732FE0028D451 /* LoginViewModel.swift in Sources */,
				CC5B0E4B2EBF2DD000CE79A3 /* MyPrayerView.swift in Sources */,
				CC6194CA2EF7F5BB005B79A7 /* UserSession.swift in Sources */,
				CCAD36982EB7920C0028D451 /* HomeViewModel.swift in Sources */,
				CC6437D82EBE42820079ED24 /* PrayerDetailView.swift in Sources */,
				CC5B0E682EBFA5A800CE79A3 /* PrayerResponseRowView.swift in Sources */,
				180228932EBA092A00ABA95C /* FloatingButton.swift in Sources */,
				1862C5492EFBA89C00B0DD70 /* APIError.swift in Sources */,
				CC57ADB82EDC41BE0043A8D8 /* ChangePasswordView.swift in Sources */,
				CCAD36892EB74F8F0028D451 /* SignUpView.swift in Sources */,
				CCAD36872EB73F540028D451 /* LabeldTextField.swift in Sources */,
				180228912EBA08C300ABA95C /* PrayerRowView.swift in Sources */,
				CC6C8F1B2E9B978300E43387 /* FaithConnectApp.swift in Sources */,
				CCAD36902EB7853B0028D451 /* Constants.swift in Sources */,
				CC4EA43E2EC9AC3E0097D09C /* PrayerDetailBottomSheetView.swift in Sources */,
				1862C5452EFBA77D00B0DD70 /* CategoryDTOs.swift in Sources */,
				1862C5462EFBA77D00B0DD70 /* AuthDTOs.swift in Sources */,
				1862C5472EFBA77D00B0DD70 /* PrayerDTOs.swift in Sources */,
				CC5B0E5C2EBF368900CE79A3 /* FindPasswordView.swift in Sources */,
				CCAD36942EB78D290028D451 /* MyPageView.swift in Sources */,
				CC6437DA2EBE42C20079ED24 /* PrayerEditorView.swift in Sources */,
				CC728A392EFEB13D00D93208 /* AlertType.swift in Sources */,
				CC5B0E5A2EBF367900CE79A3 /* FindIDView.swift in Sources */,
				CC5B0E512EBF30D200CE79A3 /* PrayerEditorViewModel.swift in Sources */,
				CC5D79592EC76B6700C1CEE4 /* InfoBoxView.swift in Sources */,
				CC5B0E5E2EBF387000CE79A3 /* ActionButton.swift in Sources */,
				CC5B0E662EBF990A00CE79A3 /* CategoryScrollView.swift in Sources */,
				CC5B0E642EBF8BA900CE79A3 /* PrayerCategory.swift in Sources */,
				CC4EA4422EC9F64A0097D09C /* CustomBackButtonStyle.swift in Sources */,
				CC6EC0642F015711009D2E31 /* MyResponse.swift in Sources */,
				CCAD369E2EB799B70028D451 /* String+Extensions.swift in Sources */,
				CCAD36962EB791110028D451 /* Prayer.swift in Sources */,
				CC5B0E482EBF243000CE79A3 /* SectionHeaderView.swift in Sources */,
				18948E742F024C9300C9C75C /* APIEndPoint.swift in Sources */,
				CC6194C62EF7E030005B79A7 /* User.swift in Sources */,
				CC5B0E4D2EBF2E5500CE79A3 /* MyPrayerViewModel.swift in Sources */,
				CC5B0E602EBF567F00CE79A3 /* UIApplication+Extensions.swift in Sources */,
				CC4EA4442EC9F6C50097D09C /* View+Extensions.swift in Sources */,
				CCAD36922EB78D010028D451 /* HomeView.swift in Sources */,
				CCAD36832EB731EF0028D451 /* LoginView.swift in Sources */,
				CC5D794F2EC757F600C1CEE4 /* APIClient.swift in Sources */,
				CCAD368E2EB782A00028D451 /* MainTabView.swift in Sources */,
				CC6EC0662F015FB2009D2E31 /* MyResponseRowView.swift in Sources */,
				CC6E3DF82ED1A19500B0EF4D /* MyPageItemField.swift in Sources */,
				CC5B0E582EBF322400CE79A3 /* PrayerResponse.swift in Sources */,
				CC5B0E4F2EBF30A900CE79A3 /* PrayerDetailViewModel.swift in Sources */,
				CCAD369A2EB792140028D451 /* MyPageViewModel.swift in Sources */,
				1862C53F2EFB74C900B0DD70 /* PrayerEmptyView.swift in Sources */,
			);
			runOnlyForDeploymentPostprocessing = 0;
		};
/* End PBXSourcesBuildPhase section */

/* Begin XCBuildConfiguration section */
		CC6C8F232E9B978400E43387 /* Debug */ = {
			isa = XCBuildConfiguration;
			buildSettings = {
				ALWAYS_SEARCH_USER_PATHS = NO;
				ASSETCATALOG_COMPILER_GENERATE_SWIFT_ASSET_SYMBOL_EXTENSIONS = YES;
				CLANG_ANALYZER_NONNULL = YES;
				CLANG_ANALYZER_NUMBER_OBJECT_CONVERSION = YES_AGGRESSIVE;
				CLANG_CXX_LANGUAGE_STANDARD = "gnu++20";
				CLANG_ENABLE_MODULES = YES;
				CLANG_ENABLE_OBJC_ARC = YES;
				CLANG_ENABLE_OBJC_WEAK = YES;
				CLANG_WARN_BLOCK_CAPTURE_AUTORELEASING = YES;
				CLANG_WARN_BOOL_CONVERSION = YES;
				CLANG_WARN_COMMA = YES;
				CLANG_WARN_CONSTANT_CONVERSION = YES;
				CLANG_WARN_DEPRECATED_OBJC_IMPLEMENTATIONS = YES;
				CLANG_WARN_DIRECT_OBJC_ISA_USAGE = YES_ERROR;
				CLANG_WARN_DOCUMENTATION_COMMENTS = YES;
				CLANG_WARN_EMPTY_BODY = YES;
				CLANG_WARN_ENUM_CONVERSION = YES;
				CLANG_WARN_INFINITE_RECURSION = YES;
				CLANG_WARN_INT_CONVERSION = YES;
				CLANG_WARN_NON_LITERAL_NULL_CONVERSION = YES;
				CLANG_WARN_OBJC_IMPLICIT_RETAIN_SELF = YES;
				CLANG_WARN_OBJC_LITERAL_CONVERSION = YES;
				CLANG_WARN_OBJC_ROOT_CLASS = YES_ERROR;
				CLANG_WARN_QUOTED_INCLUDE_IN_FRAMEWORK_HEADER = YES;
				CLANG_WARN_RANGE_LOOP_ANALYSIS = YES;
				CLANG_WARN_STRICT_PROTOTYPES = YES;
				CLANG_WARN_SUSPICIOUS_MOVE = YES;
				CLANG_WARN_UNGUARDED_AVAILABILITY = YES_AGGRESSIVE;
				CLANG_WARN_UNREACHABLE_CODE = YES;
				CLANG_WARN__DUPLICATE_METHOD_MATCH = YES;
				COPY_PHASE_STRIP = NO;
				DEBUG_INFORMATION_FORMAT = dwarf;
				ENABLE_STRICT_OBJC_MSGSEND = YES;
				ENABLE_TESTABILITY = YES;
				ENABLE_USER_SCRIPT_SANDBOXING = YES;
				GCC_C_LANGUAGE_STANDARD = gnu17;
				GCC_DYNAMIC_NO_PIC = NO;
				GCC_NO_COMMON_BLOCKS = YES;
				GCC_OPTIMIZATION_LEVEL = 0;
				GCC_PREPROCESSOR_DEFINITIONS = (
					"DEBUG=1",
					"$(inherited)",
				);
				GCC_WARN_64_TO_32_BIT_CONVERSION = YES;
				GCC_WARN_ABOUT_RETURN_TYPE = YES_ERROR;
				GCC_WARN_UNDECLARED_SELECTOR = YES;
				GCC_WARN_UNINITIALIZED_AUTOS = YES_AGGRESSIVE;
				GCC_WARN_UNUSED_FUNCTION = YES;
				GCC_WARN_UNUSED_VARIABLE = YES;
				IPHONEOS_DEPLOYMENT_TARGET = 17.0;
				LOCALIZATION_PREFERS_STRING_CATALOGS = YES;
				MTL_ENABLE_DEBUG_INFO = INCLUDE_SOURCE;
				MTL_FAST_MATH = YES;
				ONLY_ACTIVE_ARCH = YES;
				SDKROOT = iphoneos;
				SWIFT_ACTIVE_COMPILATION_CONDITIONS = "DEBUG $(inherited)";
				SWIFT_OPTIMIZATION_LEVEL = "-Onone";
			};
			name = Debug;
		};
		CC6C8F242E9B978400E43387 /* Release */ = {
			isa = XCBuildConfiguration;
			buildSettings = {
				ALWAYS_SEARCH_USER_PATHS = NO;
				ASSETCATALOG_COMPILER_GENERATE_SWIFT_ASSET_SYMBOL_EXTENSIONS = YES;
				CLANG_ANALYZER_NONNULL = YES;
				CLANG_ANALYZER_NUMBER_OBJECT_CONVERSION = YES_AGGRESSIVE;
				CLANG_CXX_LANGUAGE_STANDARD = "gnu++20";
				CLANG_ENABLE_MODULES = YES;
				CLANG_ENABLE_OBJC_ARC = YES;
				CLANG_ENABLE_OBJC_WEAK = YES;
				CLANG_WARN_BLOCK_CAPTURE_AUTORELEASING = YES;
				CLANG_WARN_BOOL_CONVERSION = YES;
				CLANG_WARN_COMMA = YES;
				CLANG_WARN_CONSTANT_CONVERSION = YES;
				CLANG_WARN_DEPRECATED_OBJC_IMPLEMENTATIONS = YES;
				CLANG_WARN_DIRECT_OBJC_ISA_USAGE = YES_ERROR;
				CLANG_WARN_DOCUMENTATION_COMMENTS = YES;
				CLANG_WARN_EMPTY_BODY = YES;
				CLANG_WARN_ENUM_CONVERSION = YES;
				CLANG_WARN_INFINITE_RECURSION = YES;
				CLANG_WARN_INT_CONVERSION = YES;
				CLANG_WARN_NON_LITERAL_NULL_CONVERSION = YES;
				CLANG_WARN_OBJC_IMPLICIT_RETAIN_SELF = YES;
				CLANG_WARN_OBJC_LITERAL_CONVERSION = YES;
				CLANG_WARN_OBJC_ROOT_CLASS = YES_ERROR;
				CLANG_WARN_QUOTED_INCLUDE_IN_FRAMEWORK_HEADER = YES;
				CLANG_WARN_RANGE_LOOP_ANALYSIS = YES;
				CLANG_WARN_STRICT_PROTOTYPES = YES;
				CLANG_WARN_SUSPICIOUS_MOVE = YES;
				CLANG_WARN_UNGUARDED_AVAILABILITY = YES_AGGRESSIVE;
				CLANG_WARN_UNREACHABLE_CODE = YES;
				CLANG_WARN__DUPLICATE_METHOD_MATCH = YES;
				COPY_PHASE_STRIP = NO;
				DEBUG_INFORMATION_FORMAT = "dwarf-with-dsym";
				ENABLE_NS_ASSERTIONS = NO;
				ENABLE_STRICT_OBJC_MSGSEND = YES;
				ENABLE_USER_SCRIPT_SANDBOXING = YES;
				GCC_C_LANGUAGE_STANDARD = gnu17;
				GCC_NO_COMMON_BLOCKS = YES;
				GCC_WARN_64_TO_32_BIT_CONVERSION = YES;
				GCC_WARN_ABOUT_RETURN_TYPE = YES_ERROR;
				GCC_WARN_UNDECLARED_SELECTOR = YES;
				GCC_WARN_UNINITIALIZED_AUTOS = YES_AGGRESSIVE;
				GCC_WARN_UNUSED_FUNCTION = YES;
				GCC_WARN_UNUSED_VARIABLE = YES;
				IPHONEOS_DEPLOYMENT_TARGET = 17.0;
				LOCALIZATION_PREFERS_STRING_CATALOGS = YES;
				MTL_ENABLE_DEBUG_INFO = NO;
				MTL_FAST_MATH = YES;
				SDKROOT = iphoneos;
				SWIFT_COMPILATION_MODE = wholemodule;
				VALIDATE_PRODUCT = YES;
			};
			name = Release;
		};
		CC6C8F262E9B978400E43387 /* Debug */ = {
			isa = XCBuildConfiguration;
			buildSettings = {
				ASSETCATALOG_COMPILER_APPICON_NAME = AppIcon;
				ASSETCATALOG_COMPILER_GLOBAL_ACCENT_COLOR_NAME = AccentColor;
				CODE_SIGN_IDENTITY = "Apple Development";
				CODE_SIGN_STYLE = Automatic;
				CURRENT_PROJECT_VERSION = 1;
				DEVELOPMENT_ASSET_PATHS = "\"FaithConnect/Preview Content\"";
				DEVELOPMENT_TEAM = Y9U32NW3Q6;
				ENABLE_PREVIEWS = YES;
				GENERATE_INFOPLIST_FILE = YES;
				INFOPLIST_FILE = FaithConnect/Info.plist;
				INFOPLIST_KEY_UIApplicationSceneManifest_Generation = YES;
				INFOPLIST_KEY_UIApplicationSupportsIndirectInputEvents = YES;
				INFOPLIST_KEY_UILaunchStoryboardName = LaunchScreen;
				INFOPLIST_KEY_UIStatusBarStyle = "";
				INFOPLIST_KEY_UISupportedInterfaceOrientations = UIInterfaceOrientationPortrait;
				IPHONEOS_DEPLOYMENT_TARGET = 17.0;
				LD_RUNPATH_SEARCH_PATHS = (
					"$(inherited)",
					"@executable_path/Frameworks",
				);
				MARKETING_VERSION = 1.0.0;
				PRODUCT_BUNDLE_IDENTIFIER = hansol.FaithConnect;
				PRODUCT_NAME = "$(TARGET_NAME)";
				PROVISIONING_PROFILE_SPECIFIER = "";
				SWIFT_EMIT_LOC_STRINGS = YES;
				SWIFT_VERSION = 5.0;
				TARGETED_DEVICE_FAMILY = "1,2";
			};
			name = Debug;
		};
		CC6C8F272E9B978400E43387 /* Release */ = {
			isa = XCBuildConfiguration;
			buildSettings = {
				ASSETCATALOG_COMPILER_APPICON_NAME = AppIcon;
				ASSETCATALOG_COMPILER_GLOBAL_ACCENT_COLOR_NAME = AccentColor;
				CODE_SIGN_IDENTITY = "Apple Development";
				CODE_SIGN_STYLE = Automatic;
				CURRENT_PROJECT_VERSION = 1;
				DEVELOPMENT_ASSET_PATHS = "\"FaithConnect/Preview Content\"";
				DEVELOPMENT_TEAM = Y9U32NW3Q6;
				ENABLE_PREVIEWS = YES;
				GENERATE_INFOPLIST_FILE = YES;
				INFOPLIST_FILE = FaithConnect/Info.plist;
				INFOPLIST_KEY_UIApplicationSceneManifest_Generation = YES;
				INFOPLIST_KEY_UIApplicationSupportsIndirectInputEvents = YES;
				INFOPLIST_KEY_UILaunchStoryboardName = LaunchScreen;
				INFOPLIST_KEY_UIStatusBarStyle = "";
				INFOPLIST_KEY_UISupportedInterfaceOrientations = UIInterfaceOrientationPortrait;
				IPHONEOS_DEPLOYMENT_TARGET = 17.0;
				LD_RUNPATH_SEARCH_PATHS = (
					"$(inherited)",
					"@executable_path/Frameworks",
				);
				MARKETING_VERSION = 1.0.0;
				PRODUCT_BUNDLE_IDENTIFIER = hansol.FaithConnect;
				PRODUCT_NAME = "$(TARGET_NAME)";
				PROVISIONING_PROFILE_SPECIFIER = "";
				SWIFT_EMIT_LOC_STRINGS = YES;
				SWIFT_VERSION = 5.0;
				TARGETED_DEVICE_FAMILY = "1,2";
			};
			name = Release;
		};
/* End XCBuildConfiguration section */

/* Begin XCConfigurationList section */
		CC6C8F122E9B978300E43387 /* Build configuration list for PBXProject "FaithConnect" */ = {
			isa = XCConfigurationList;
			buildConfigurations = (
				CC6C8F232E9B978400E43387 /* Debug */,
				CC6C8F242E9B978400E43387 /* Release */,
			);
			defaultConfigurationIsVisible = 0;
			defaultConfigurationName = Release;
		};
		CC6C8F252E9B978400E43387 /* Build configuration list for PBXNativeTarget "FaithConnect" */ = {
			isa = XCConfigurationList;
			buildConfigurations = (
				CC6C8F262E9B978400E43387 /* Debug */,
				CC6C8F272E9B978400E43387 /* Release */,
			);
			defaultConfigurationIsVisible = 0;
			defaultConfigurationName = Release;
		};
/* End XCConfigurationList section */
	};
	rootObject = CC6C8F0F2E9B978300E43387 /* Project object */;
}
